
Microsoft Visual Studio Solution File, Format Version 12.00
# Visual Studio 2017
Project("{FAE04EC0-301F-11D3-BF4B-00C04F79EFBC}") = "mood", "mood.csproj", "{3F96FB03-61FF-3F69-7F45-C302ACD1961B}"
EndProject
Global
	GlobalSection(SolutionConfigurationPlatforms) = preSolution
		Debug|Any CPU = Debug|Any CPU
		Release|Any CPU = Release|Any CPU
	EndGlobalSection
	GlobalSection(ProjectConfigurationPlatforms) = postSolution
		{3F96FB03-61FF-3F69-7F45-C302ACD1961B}.Debug|Any CPU.ActiveCfg = Debug|Any CPU
		{3F96FB03-61FF-3F69-7F45-C302ACD1961B}.Debug|Any CPU.Build.0 = Debug|Any CPU
		{3F96FB03-61FF-3F69-7F45-C302ACD1961B}.Release|Any CPU.ActiveCfg = Release|Any CPU
		{3F96FB03-61FF-3F69-7F45-C302ACD1961B}.Release|Any CPU.Build.0 = Release|Any CPU
	EndGlobalSection
	GlobalSection(SolutionProperties) = preSolution
		HideSolutionNode = FALSE
	EndGlobalSection
EndGlobal
